
Microsoft Visual Studio Solution File, Format Version 12.00
# Visual Studio 15
VisualStudioVersion = 15.0.27703.2035
MinimumVisualStudioVersion = 10.0.40219.1
Project("{9A19103F-16F7-4668-BE54-9A1E7A4F7556}") = "JustDoMyPdf", "JustDoMyPdf\JustDoMyPdf.csproj", "{90537848-66D4-4F55-AED8-0C616ECA9708}"
EndProject
Global
	GlobalSection(SolutionConfigurationPlatforms) = preSolution
		Debug|Any CPU = Debug|Any CPU
		Debug|x64 = Debug|x64
		Release|Any CPU = Release|Any CPU
		Release|x64 = Release|x64
	EndGlobalSection
	GlobalSection(ProjectConfigurationPlatforms) = postSolution
		{90537848-66D4-4F55-AED8-0C616ECA9708}.Debug|Any CPU.ActiveCfg = Debug|Any CPU
		{90537848-66D4-4F55-AED8-0C616ECA9708}.Debug|Any CPU.Build.0 = Debug|Any CPU
		{90537848-66D4-4F55-AED8-0C616ECA9708}.Debug|x64.ActiveCfg = Debug|Any CPU
		{90537848-66D4-4F55-AED8-0C616ECA9708}.Debug|x64.Build.0 = Debug|Any CPU
		{90537848-66D4-4F55-AED8-0C616ECA9708}.Release|Any CPU.ActiveCfg = Release|Any CPU
		{90537848-66D4-4F55-AED8-0C616ECA9708}.Release|Any CPU.Build.0 = Release|Any CPU
		{90537848-66D4-4F55-AED8-0C616ECA9708}.Release|x64.ActiveCfg = Release|Any CPU
		{90537848-66D4-4F55-AED8-0C616ECA9708}.Release|x64.Build.0 = Release|Any CPU
	EndGlobalSection
	GlobalSection(SolutionProperties) = preSolution
		HideSolutionNode = FALSE
	EndGlobalSection
	GlobalSection(ExtensibilityGlobals) = postSolution
		SolutionGuid = {D1486F58-F5F0-4D4E-B449-C34D92A7998C}
	EndGlobalSection
EndGlobal
